
Microsoft Visual Studio Solution File, Format Version 12.00
# Visual Studio 15
Project("{FAE04EC0-301F-11D3-BF4B-00C04F79EFBC}") = "Assembly-CSharp", "Assembly-CSharp.csproj", "{8476E44E-0A1A-DB74-5A45-7DC4BF2B5561}"
EndProject
Project("{FAE04EC0-301F-11D3-BF4B-00C04F79EFBC}") = "Assembly-CSharp-Editor", "Assembly-CSharp-Editor.csproj", "{45335AA5-B1AA-89F5-663F-72D01F94F059}"
EndProject
Global
	GlobalSection(SolutionConfigurationPlatforms) = preSolution
		Debug|Any CPU = Debug|Any CPU
		Release|Any CPU = Release|Any CPU
	EndGlobalSection
	GlobalSection(ProjectConfigurationPlatforms) = postSolution
		{8476E44E-0A1A-DB74-5A45-7DC4BF2B5561}.Debug|Any CPU.ActiveCfg = Debug|Any CPU
		{8476E44E-0A1A-DB74-5A45-7DC4BF2B5561}.Debug|Any CPU.Build.0 = Debug|Any CPU
		{8476E44E-0A1A-DB74-5A45-7DC4BF2B5561}.Release|Any CPU.ActiveCfg = Release|Any CPU
		{8476E44E-0A1A-DB74-5A45-7DC4BF2B5561}.Release|Any CPU.Build.0 = Release|Any CPU
		{45335AA5-B1AA-89F5-663F-72D01F94F059}.Debug|Any CPU.ActiveCfg = Debug|Any CPU
		{45335AA5-B1AA-89F5-663F-72D01F94F059}.Debug|Any CPU.Build.0 = Debug|Any CPU
		{45335AA5-B1AA-89F5-663F-72D01F94F059}.Release|Any CPU.ActiveCfg = Release|Any CPU
		{45335AA5-B1AA-89F5-663F-72D01F94F059}.Release|Any CPU.Build.0 = Release|Any CPU
	EndGlobalSection
	GlobalSection(SolutionProperties) = preSolution
		HideSolutionNode = FALSE
	EndGlobalSection
EndGlobal
